
Microsoft Visual Studio Solution File, Format Version 12.00
# Visual Studio 14
VisualStudioVersion = 14.0.23107.0
MinimumVisualStudioVersion = 10.0.40219.1
Project("{FAE04EC0-301F-11D3-BF4B-00C04F79EFBC}") = "MathML", "MathML.csproj", "{4598FC37-EB29-48C6-A949-CC4827AF86B3}"
EndProject
Project("{FAE04EC0-301F-11D3-BF4B-00C04F79EFBC}") = "MathML.Tests", "..\MathML.Tests\MathML.Tests.csproj", "{546B26F0-A24F-4A06-BB84-04A227B3C774}"
EndProject
Global
	GlobalSection(SolutionConfigurationPlatforms) = preSolution
		Debug|Any CPU = Debug|Any CPU
		Release|Any CPU = Release|Any CPU
	EndGlobalSection
	GlobalSection(ProjectConfigurationPlatforms) = postSolution
		{4598FC37-EB29-48C6-A949-CC4827AF86B3}.Debug|Any CPU.ActiveCfg = Debug|Any CPU
		{4598FC37-EB29-48C6-A949-CC4827AF86B3}.Debug|Any CPU.Build.0 = Debug|Any CPU
		{4598FC37-EB29-48C6-A949-CC4827AF86B3}.Release|Any CPU.ActiveCfg = Release|Any CPU
		{4598FC37-EB29-48C6-A949-CC4827AF86B3}.Release|Any CPU.Build.0 = Release|Any CPU
		{546B26F0-A24F-4A06-BB84-04A227B3C774}.Debug|Any CPU.ActiveCfg = Debug|Any CPU
		{546B26F0-A24F-4A06-BB84-04A227B3C774}.Debug|Any CPU.Build.0 = Debug|Any CPU
		{546B26F0-A24F-4A06-BB84-04A227B3C774}.Release|Any CPU.ActiveCfg = Release|Any CPU
		{546B26F0-A24F-4A06-BB84-04A227B3C774}.Release|Any CPU.Build.0 = Release|Any CPU
	EndGlobalSection
	GlobalSection(SolutionProperties) = preSolution
		HideSolutionNode = FALSE
	EndGlobalSection
EndGlobal
